
Microsoft Visual Studio Solution File, Format Version 12.00
# Visual Studio Version 17
VisualStudioVersion = 17.14.37012.4
MinimumVisualStudioVersion = 10.0.40219.1
Project("{FAE04EC0-301F-11D3-BF4B-00C04F79EFBC}") = "L1GeometryAdapter", "L1GeometryAdapter\L1GeometryAdapter.csproj", "{BF018435-F28A-4B6C-AB55-F539D58131DA}"
EndProject
Project("{FAE04EC0-301F-11D3-BF4B-00C04F79EFBC}") = "WebL1Geometry", "WebL1Geometry\WebL1Geometry.csproj", "{FE022D45-1A55-4907-B641-918D6D58FF37}"
EndProject
Global
	GlobalSection(SolutionConfigurationPlatforms) = preSolution
		Debug|Any CPU = Debug|Any CPU
		Release|Any CPU = Release|Any CPU
	EndGlobalSection
	GlobalSection(ProjectConfigurationPlatforms) = postSolution
		{BF018435-F28A-4B6C-AB55-F539D58131DA}.Debug|Any CPU.ActiveCfg = Debug|Any CPU
		{BF018435-F28A-4B6C-AB55-F539D58131DA}.Debug|Any CPU.Build.0 = Debug|Any CPU
		{BF018435-F28A-4B6C-AB55-F539D58131DA}.Release|Any CPU.ActiveCfg = Release|Any CPU
		{BF018435-F28A-4B6C-AB55-F539D58131DA}.Release|Any CPU.Build.0 = Release|Any CPU
		{FE022D45-1A55-4907-B641-918D6D58FF37}.Debug|Any CPU.ActiveCfg = Debug|Any CPU
		{FE022D45-1A55-4907-B641-918D6D58FF37}.Debug|Any CPU.Build.0 = Debug|Any CPU
		{FE022D45-1A55-4907-B641-918D6D58FF37}.Release|Any CPU.ActiveCfg = Release|Any CPU
		{FE022D45-1A55-4907-B641-918D6D58FF37}.Release|Any CPU.Build.0 = Release|Any CPU
	EndGlobalSection
	GlobalSection(SolutionProperties) = preSolution
		HideSolutionNode = FALSE
	EndGlobalSection
	GlobalSection(ExtensibilityGlobals) = postSolution
		SolutionGuid = {766935A0-D601-46AF-AA45-F508CB80BF32}
	EndGlobalSection
EndGlobal
